
Microsoft Visual Studio Solution File, Format Version 12.00
# Visual Studio Version 17
VisualStudioVersion = 17.8.34322.80
MinimumVisualStudioVersion = 10.0.40219.1
Project("{FAE04EC0-301F-11D3-BF4B-00C04F79EFBC}") = "BackofficeClient", "BackofficeClient\BackofficeClient.csproj", "{BC5211CB-2D34-4B1A-9396-22DC23F42DB1}"
EndProject
Global
	GlobalSection(SolutionConfigurationPlatforms) = preSolution
		Debug|Any CPU = Debug|Any CPU
		Release|Any CPU = Release|Any CPU
	EndGlobalSection
	GlobalSection(ProjectConfigurationPlatforms) = postSolution
		{BC5211CB-2D34-4B1A-9396-22DC23F42DB1}.Debug|Any CPU.ActiveCfg = Debug|Any CPU
		{BC5211CB-2D34-4B1A-9396-22DC23F42DB1}.Debug|Any CPU.Build.0 = Debug|Any CPU
		{BC5211CB-2D34-4B1A-9396-22DC23F42DB1}.Release|Any CPU.ActiveCfg = Release|Any CPU
		{BC5211CB-2D34-4B1A-9396-22DC23F42DB1}.Release|Any CPU.Build.0 = Release|Any CPU
	EndGlobalSection
	GlobalSection(SolutionProperties) = preSolution
		HideSolutionNode = FALSE
	EndGlobalSection
	GlobalSection(ExtensibilityGlobals) = postSolution
		SolutionGuid = {AED5FAFC-5781-466E-BB2D-9D3272740734}
	EndGlobalSection
EndGlobal
